
Microsoft Visual Studio Solution File, Format Version 12.00
# Visual Studio Version 17
VisualStudioVersion = 17.11.35222.181
MinimumVisualStudioVersion = 10.0.40219.1
Project("{FAE04EC0-301F-11D3-BF4B-00C04F79EFBC}") = "wfavonatjegy", "wfavonatjegy\wfavonatjegy.csproj", "{48BBAC0B-F6AB-4D63-A4DC-A8840F3C9F13}"
EndProject
Global
	GlobalSection(SolutionConfigurationPlatforms) = preSolution
		Debug|Any CPU = Debug|Any CPU
		Release|Any CPU = Release|Any CPU
	EndGlobalSection
	GlobalSection(ProjectConfigurationPlatforms) = postSolution
		{48BBAC0B-F6AB-4D63-A4DC-A8840F3C9F13}.Debug|Any CPU.ActiveCfg = Debug|Any CPU
		{48BBAC0B-F6AB-4D63-A4DC-A8840F3C9F13}.Debug|Any CPU.Build.0 = Debug|Any CPU
		{48BBAC0B-F6AB-4D63-A4DC-A8840F3C9F13}.Release|Any CPU.ActiveCfg = Release|Any CPU
		{48BBAC0B-F6AB-4D63-A4DC-A8840F3C9F13}.Release|Any CPU.Build.0 = Release|Any CPU
	EndGlobalSection
	GlobalSection(SolutionProperties) = preSolution
		HideSolutionNode = FALSE
	EndGlobalSection
	GlobalSection(ExtensibilityGlobals) = postSolution
		SolutionGuid = {77F66D16-F490-415B-BB18-D42DC582FA86}
	EndGlobalSection
EndGlobal
